
Microsoft Visual Studio Solution File, Format Version 12.00
# Visual Studio Version 16
VisualStudioVersion = 16.0.30907.101
MinimumVisualStudioVersion = 10.0.40219.1
Project("{FAE04EC0-301F-11D3-BF4B-00C04F79EFBC}") = "ReadFilesAsync", "ReadFilesAsync\ReadFilesAsync.csproj", "{B1AB058D-C800-46A8-98EC-0E2540558ADF}"
EndProject
Project("{FAE04EC0-301F-11D3-BF4B-00C04F79EFBC}") = "FileReaderTest", "FileReaderTest\FileReaderTest.csproj", "{21B2C9D9-A8D7-493D-B8AD-53174BD08690}"
EndProject
Global
	GlobalSection(SolutionConfigurationPlatforms) = preSolution
		Debug|Any CPU = Debug|Any CPU
		Release|Any CPU = Release|Any CPU
	EndGlobalSection
	GlobalSection(ProjectConfigurationPlatforms) = postSolution
		{B1AB058D-C800-46A8-98EC-0E2540558ADF}.Debug|Any CPU.ActiveCfg = Debug|Any CPU
		{B1AB058D-C800-46A8-98EC-0E2540558ADF}.Debug|Any CPU.Build.0 = Debug|Any CPU
		{B1AB058D-C800-46A8-98EC-0E2540558ADF}.Release|Any CPU.ActiveCfg = Release|Any CPU
		{B1AB058D-C800-46A8-98EC-0E2540558ADF}.Release|Any CPU.Build.0 = Release|Any CPU
		{21B2C9D9-A8D7-493D-B8AD-53174BD08690}.Debug|Any CPU.ActiveCfg = Debug|Any CPU
		{21B2C9D9-A8D7-493D-B8AD-53174BD08690}.Debug|Any CPU.Build.0 = Debug|Any CPU
		{21B2C9D9-A8D7-493D-B8AD-53174BD08690}.Release|Any CPU.ActiveCfg = Release|Any CPU
		{21B2C9D9-A8D7-493D-B8AD-53174BD08690}.Release|Any CPU.Build.0 = Release|Any CPU
	EndGlobalSection
	GlobalSection(SolutionProperties) = preSolution
		HideSolutionNode = FALSE
	EndGlobalSection
	GlobalSection(ExtensibilityGlobals) = postSolution
		SolutionGuid = {FC377797-3D9C-431F-B8CB-1C8B8DBED909}
	EndGlobalSection
EndGlobal
